
Microsoft Visual Studio Solution File, Format Version 12.00
# Visual Studio Version 17
VisualStudioVersion = 17.5.33414.496
MinimumVisualStudioVersion = 10.0.40219.1
Project("{FAE04EC0-301F-11D3-BF4B-00C04F79EFBC}") = "Laboratorio 5", "Laboratorio 5\Laboratorio 5.csproj", "{E3700C5A-B405-4D7C-B174-5652BFF4D651}"
EndProject
Global
	GlobalSection(SolutionConfigurationPlatforms) = preSolution
		Debug|Any CPU = Debug|Any CPU
		Release|Any CPU = Release|Any CPU
	EndGlobalSection
	GlobalSection(ProjectConfigurationPlatforms) = postSolution
		{E3700C5A-B405-4D7C-B174-5652BFF4D651}.Debug|Any CPU.ActiveCfg = Debug|Any CPU
		{E3700C5A-B405-4D7C-B174-5652BFF4D651}.Debug|Any CPU.Build.0 = Debug|Any CPU
		{E3700C5A-B405-4D7C-B174-5652BFF4D651}.Release|Any CPU.ActiveCfg = Release|Any CPU
		{E3700C5A-B405-4D7C-B174-5652BFF4D651}.Release|Any CPU.Build.0 = Release|Any CPU
	EndGlobalSection
	GlobalSection(SolutionProperties) = preSolution
		HideSolutionNode = FALSE
	EndGlobalSection
	GlobalSection(ExtensibilityGlobals) = postSolution
		SolutionGuid = {6CD69027-9F57-4EC4-A865-D13C605673D2}
	EndGlobalSection
EndGlobal
